
Microsoft Visual Studio Solution File, Format Version 12.00
# Visual Studio Version 16
VisualStudioVersion = 16.0.30804.86
MinimumVisualStudioVersion = 10.0.40219.1
Project("{FAE04EC0-301F-11D3-BF4B-00C04F79EFBC}") = "FrameGUI", "FrameGUI.csproj", "{678EA14B-EE0E-4BE5-9DE8-2A11D51CC714}"
EndProject
Project("{9A19103F-16F7-4668-BE54-9A1E7A4F7556}") = "FFLoader", "..\FFLoader\FFLoader.csproj", "{79AFB019-5BE7-4226-BE65-B4FC678B88A6}"
EndProject
Global
	GlobalSection(SolutionConfigurationPlatforms) = preSolution
		Debug|Any CPU = Debug|Any CPU
		Debug|x64 = Debug|x64
		Release|Any CPU = Release|Any CPU
		Release|x64 = Release|x64
	EndGlobalSection
	GlobalSection(ProjectConfigurationPlatforms) = postSolution
		{678EA14B-EE0E-4BE5-9DE8-2A11D51CC714}.Debug|Any CPU.ActiveCfg = Debug|Any CPU
		{678EA14B-EE0E-4BE5-9DE8-2A11D51CC714}.Debug|Any CPU.Build.0 = Debug|Any CPU
		{678EA14B-EE0E-4BE5-9DE8-2A11D51CC714}.Debug|x64.ActiveCfg = Debug|x64
		{678EA14B-EE0E-4BE5-9DE8-2A11D51CC714}.Debug|x64.Build.0 = Debug|x64
		{678EA14B-EE0E-4BE5-9DE8-2A11D51CC714}.Release|Any CPU.ActiveCfg = Release|Any CPU
		{678EA14B-EE0E-4BE5-9DE8-2A11D51CC714}.Release|Any CPU.Build.0 = Release|Any CPU
		{678EA14B-EE0E-4BE5-9DE8-2A11D51CC714}.Release|x64.ActiveCfg = Release|x64
		{678EA14B-EE0E-4BE5-9DE8-2A11D51CC714}.Release|x64.Build.0 = Release|x64
		{79AFB019-5BE7-4226-BE65-B4FC678B88A6}.Debug|Any CPU.ActiveCfg = Debug|Any CPU
		{79AFB019-5BE7-4226-BE65-B4FC678B88A6}.Debug|Any CPU.Build.0 = Debug|Any CPU
		{79AFB019-5BE7-4226-BE65-B4FC678B88A6}.Debug|x64.ActiveCfg = Debug|x64
		{79AFB019-5BE7-4226-BE65-B4FC678B88A6}.Debug|x64.Build.0 = Debug|x64
		{79AFB019-5BE7-4226-BE65-B4FC678B88A6}.Release|Any CPU.ActiveCfg = Release|Any CPU
		{79AFB019-5BE7-4226-BE65-B4FC678B88A6}.Release|Any CPU.Build.0 = Release|Any CPU
		{79AFB019-5BE7-4226-BE65-B4FC678B88A6}.Release|x64.ActiveCfg = Release|x64
		{79AFB019-5BE7-4226-BE65-B4FC678B88A6}.Release|x64.Build.0 = Release|x64
	EndGlobalSection
	GlobalSection(SolutionProperties) = preSolution
		HideSolutionNode = FALSE
	EndGlobalSection
	GlobalSection(ExtensibilityGlobals) = postSolution
		SolutionGuid = {A061B769-43C7-4EB5-AF50-70B9D43987FD}
	EndGlobalSection
EndGlobal
